
Microsoft Visual Studio Solution File, Format Version 12.00
# Visual Studio Version 17
VisualStudioVersion = 17.2.32526.322
MinimumVisualStudioVersion = 10.0.40219.1
Project("{9A19103F-16F7-4668-BE54-9A1E7A4F7556}") = "00-Arrays", "03-Arrays\00-Arrays.csproj", "{073A0BB5-29B2-430F-963B-BE7AFC820DE9}"
EndProject
Project("{9A19103F-16F7-4668-BE54-9A1E7A4F7556}") = "00-ReadArraysFromConsole", "00-ReadArraysFromConsole\00-ReadArraysFromConsole.csproj", "{E079B04D-5BD3-4937-B394-B1DFA1071826}"
EndProject
Project("{9A19103F-16F7-4668-BE54-9A1E7A4F7556}") = "00-Foreach", "00-Foreach\00-Foreach.csproj", "{A96B7D20-A3E1-4A99-8FA1-2584B880F38A}"
EndProject
Project("{9A19103F-16F7-4668-BE54-9A1E7A4F7556}") = "E01-Train", "E01-Train\E01-Train.csproj", "{9D37B917-0C4D-4259-A2C3-D56E9C753465}"
EndProject
Project("{9A19103F-16F7-4668-BE54-9A1E7A4F7556}") = "E02-CommonElements", "E02-CommonElements\E02-CommonElements.csproj", "{C6736BA2-1208-4917-B2AF-106DF1EE0D96}"
EndProject
Project("{9A19103F-16F7-4668-BE54-9A1E7A4F7556}") = "E03-Zig-ZagArrays", "E03-Zig-ZagArrays\E03-Zig-ZagArrays.csproj", "{C1CF5661-874C-46B7-B78A-6B54EC2438F5}"
EndProject
Project("{9A19103F-16F7-4668-BE54-9A1E7A4F7556}") = "00-Zz", "00-Zz\00-Zz.csproj", "{D4083345-4858-45D3-BDBC-E792E4BFD426}"
EndProject
Project("{9A19103F-16F7-4668-BE54-9A1E7A4F7556}") = "E04-ArrayRotation", "E04-ArrayRotation\E04-ArrayRotation.csproj", "{7B1F6BE0-7430-4851-A2C4-D480E95AC1EC}"
EndProject
Project("{9A19103F-16F7-4668-BE54-9A1E7A4F7556}") = "L01-DayOfWeek", "L01-DayOfWeek\L01-DayOfWeek.csproj", "{634D1BB1-C0CD-4F92-B275-CAFC622233CD}"
EndProject
Project("{9A19103F-16F7-4668-BE54-9A1E7A4F7556}") = "L02-PrintNumbersInReverseOrder", "L02-PrintNumbersInReverseOrder\L02-PrintNumbersInReverseOrder.csproj", "{57EF3BA3-0AE4-45CF-963E-47BC0045B2AC}"
EndProject
Project("{9A19103F-16F7-4668-BE54-9A1E7A4F7556}") = "L03-RoundingNumbers", "L03-RoundingNumbers\L03-RoundingNumbers.csproj", "{58003843-B58A-4F65-8A4E-44BBBB0593FB}"
EndProject
Project("{9A19103F-16F7-4668-BE54-9A1E7A4F7556}") = "L04-ReverseArrayOfStrings", "L04-ReverseArrayOfStrings\L04-ReverseArrayOfStrings.csproj", "{A68556D6-373C-4FEA-956D-9E6674F5D060}"
EndProject
Project("{9A19103F-16F7-4668-BE54-9A1E7A4F7556}") = "L05-SumEvenNumbers", "L05-SumEvenNumbers\L05-SumEvenNumbers.csproj", "{AF887430-6495-4023-8F26-33B367C8D137}"
EndProject
Project("{9A19103F-16F7-4668-BE54-9A1E7A4F7556}") = "L06-EvenAndOddSubtraction", "L06-EvenAndOddSubtraction\L06-EvenAndOddSubtraction.csproj", "{64704135-7C09-4013-A18D-9F3AE23C227D}"
EndProject
Project("{9A19103F-16F7-4668-BE54-9A1E7A4F7556}") = "L07-EqualArrays", "E07-EqualArrays\L07-EqualArrays.csproj", "{E22A78E7-D3B5-4B14-9918-8C905FE9A138}"
EndProject
Project("{9A19103F-16F7-4668-BE54-9A1E7A4F7556}") = "L08-CondenseArrayToNumber", "L08-CondenseArrayToNumber\L08-CondenseArrayToNumber.csproj", "{93AF8029-9842-4F07-8E87-735F02F6D823}"
EndProject
Project("{2150E333-8FDC-42A3-9474-1A3956D46DE8}") = "Exercises", "Exercises", "{4AFFF8B5-B049-426E-8685-B2B63FFE2982}"
EndProject
Project("{9A19103F-16F7-4668-BE54-9A1E7A4F7556}") = "E05-TopIntegers", "E05-TopIntegers\E05-TopIntegers.csproj", "{41548C27-AD45-4A45-AA4F-DF1B23EAD5E7}"
EndProject
Project("{2150E333-8FDC-42A3-9474-1A3956D46DE8}") = "Labs", "Labs", "{BAB03DC6-E66A-451A-8A07-063C3706B473}"
EndProject
Project("{9A19103F-16F7-4668-BE54-9A1E7A4F7556}") = "E06-EqualSum", "E06-EqualSum\E06-EqualSum.csproj", "{A99ABB6D-8F9C-47A1-B46C-46150806FB84}"
EndProject
Project("{9A19103F-16F7-4668-BE54-9A1E7A4F7556}") = "E07-MaxSequenceOfEqualElements", "E07-MaxSequenceOfEqualElements\E07-MaxSequenceOfEqualElements.csproj", "{0C915E5B-A036-47DF-8034-639D8FA63BDE}"
EndProject
Project("{9A19103F-16F7-4668-BE54-9A1E7A4F7556}") = "E08-MagicSum", "E08-MagicSum\E08-MagicSum.csproj", "{2474BA8A-5977-4846-8CA1-8F7C40B86288}"
EndProject
Project("{9A19103F-16F7-4668-BE54-9A1E7A4F7556}") = "MaxElements", "MaxElements\MaxElements.csproj", "{51DF8A03-79C8-4BCE-A496-374F03A70FA7}"
EndProject
Project("{9A19103F-16F7-4668-BE54-9A1E7A4F7556}") = "E09-KaminoFactory", "E09-KaminoFactory\E09-KaminoFactory.csproj", "{A9C84BCA-B970-4108-8AF3-809976CF7898}"
EndProject
Project("{2150E333-8FDC-42A3-9474-1A3956D46DE8}") = "More Exercises", "More Exercises", "{ED3EFCE4-E4E4-477E-9C7B-0EBD6799DD57}"
EndProject
Project("{9A19103F-16F7-4668-BE54-9A1E7A4F7556}") = "M01_EncryptSortPrintArray", "M01_EncryptSortPrintArray\M01_EncryptSortPrintArray.csproj", "{3B25D0CC-D63D-4374-BFAC-7FB560A271F3}"
EndProject
Project("{FAE04EC0-301F-11D3-BF4B-00C04F79EFBC}") = "M02_PascalTriangle", "M02_PascalTriangle\M02_PascalTriangle.csproj", "{9AF12F67-F1A5-4F19-84A4-290FB1686621}"
EndProject
Global
	GlobalSection(SolutionConfigurationPlatforms) = preSolution
		Debug|Any CPU = Debug|Any CPU
		Release|Any CPU = Release|Any CPU
	EndGlobalSection
	GlobalSection(ProjectConfigurationPlatforms) = postSolution
		{073A0BB5-29B2-430F-963B-BE7AFC820DE9}.Debug|Any CPU.ActiveCfg = Debug|Any CPU
		{073A0BB5-29B2-430F-963B-BE7AFC820DE9}.Debug|Any CPU.Build.0 = Debug|Any CPU
		{073A0BB5-29B2-430F-963B-BE7AFC820DE9}.Release|Any CPU.ActiveCfg = Release|Any CPU
		{073A0BB5-29B2-430F-963B-BE7AFC820DE9}.Release|Any CPU.Build.0 = Release|Any CPU
		{E079B04D-5BD3-4937-B394-B1DFA1071826}.Debug|Any CPU.ActiveCfg = Debug|Any CPU
		{E079B04D-5BD3-4937-B394-B1DFA1071826}.Debug|Any CPU.Build.0 = Debug|Any CPU
		{E079B04D-5BD3-4937-B394-B1DFA1071826}.Release|Any CPU.ActiveCfg = Release|Any CPU
		{E079B04D-5BD3-4937-B394-B1DFA1071826}.Release|Any CPU.Build.0 = Release|Any CPU
		{A96B7D20-A3E1-4A99-8FA1-2584B880F38A}.Debug|Any CPU.ActiveCfg = Debug|Any CPU
		{A96B7D20-A3E1-4A99-8FA1-2584B880F38A}.Debug|Any CPU.Build.0 = Debug|Any CPU
		{A96B7D20-A3E1-4A99-8FA1-2584B880F38A}.Release|Any CPU.ActiveCfg = Release|Any CPU
		{A96B7D20-A3E1-4A99-8FA1-2584B880F38A}.Release|Any CPU.Build.0 = Release|Any CPU
		{9D37B917-0C4D-4259-A2C3-D56E9C753465}.Debug|Any CPU.ActiveCfg = Debug|Any CPU
		{9D37B917-0C4D-4259-A2C3-D56E9C753465}.Debug|Any CPU.Build.0 = Debug|Any CPU
		{9D37B917-0C4D-4259-A2C3-D56E9C753465}.Release|Any CPU.ActiveCfg = Release|Any CPU
		{9D37B917-0C4D-4259-A2C3-D56E9C753465}.Release|Any CPU.Build.0 = Release|Any CPU
		{C6736BA2-1208-4917-B2AF-106DF1EE0D96}.Debug|Any CPU.ActiveCfg = Debug|Any CPU
		{C6736BA2-1208-4917-B2AF-106DF1EE0D96}.Debug|Any CPU.Build.0 = Debug|Any CPU
		{C6736BA2-1208-4917-B2AF-106DF1EE0D96}.Release|Any CPU.ActiveCfg = Release|Any CPU
		{C6736BA2-1208-4917-B2AF-106DF1EE0D96}.Release|Any CPU.Build.0 = Release|Any CPU
		{C1CF5661-874C-46B7-B78A-6B54EC2438F5}.Debug|Any CPU.ActiveCfg = Debug|Any CPU
		{C1CF5661-874C-46B7-B78A-6B54EC2438F5}.Debug|Any CPU.Build.0 = Debug|Any CPU
		{C1CF5661-874C-46B7-B78A-6B54EC2438F5}.Release|Any CPU.ActiveCfg = Release|Any CPU
		{C1CF5661-874C-46B7-B78A-6B54EC2438F5}.Release|Any CPU.Build.0 = Release|Any CPU
		{D4083345-4858-45D3-BDBC-E792E4BFD426}.Debug|Any CPU.ActiveCfg = Debug|Any CPU
		{D4083345-4858-45D3-BDBC-E792E4BFD426}.Debug|Any CPU.Build.0 = Debug|Any CPU
		{D4083345-4858-45D3-BDBC-E792E4BFD426}.Release|Any CPU.ActiveCfg = Release|Any CPU
		{D4083345-4858-45D3-BDBC-E792E4BFD426}.Release|Any CPU.Build.0 = Release|Any CPU
		{7B1F6BE0-7430-4851-A2C4-D480E95AC1EC}.Debug|Any CPU.ActiveCfg = Debug|Any CPU
		{7B1F6BE0-7430-4851-A2C4-D480E95AC1EC}.Debug|Any CPU.Build.0 = Debug|Any CPU
		{7B1F6BE0-7430-4851-A2C4-D480E95AC1EC}.Release|Any CPU.ActiveCfg = Release|Any CPU
		{7B1F6BE0-7430-4851-A2C4-D480E95AC1EC}.Release|Any CPU.Build.0 = Release|Any CPU
		{634D1BB1-C0CD-4F92-B275-CAFC622233CD}.Debug|Any CPU.ActiveCfg = Debug|Any CPU
		{634D1BB1-C0CD-4F92-B275-CAFC622233CD}.Debug|Any CPU.Build.0 = Debug|Any CPU
		{634D1BB1-C0CD-4F92-B275-CAFC622233CD}.Release|Any CPU.ActiveCfg = Release|Any CPU
		{634D1BB1-C0CD-4F92-B275-CAFC622233CD}.Release|Any CPU.Build.0 = Release|Any CPU
		{57EF3BA3-0AE4-45CF-963E-47BC0045B2AC}.Debug|Any CPU.ActiveCfg = Debug|Any CPU
		{57EF3BA3-0AE4-45CF-963E-47BC0045B2AC}.Debug|Any CPU.Build.0 = Debug|Any CPU
		{57EF3BA3-0AE4-45CF-963E-47BC0045B2AC}.Release|Any CPU.ActiveCfg = Release|Any CPU
		{57EF3BA3-0AE4-45CF-963E-47BC0045B2AC}.Release|Any CPU.Build.0 = Release|Any CPU
		{58003843-B58A-4F65-8A4E-44BBBB0593FB}.Debug|Any CPU.ActiveCfg = Debug|Any CPU
		{58003843-B58A-4F65-8A4E-44BBBB0593FB}.Debug|Any CPU.Build.0 = Debug|Any CPU
		{58003843-B58A-4F65-8A4E-44BBBB0593FB}.Release|Any CPU.ActiveCfg = Release|Any CPU
		{58003843-B58A-4F65-8A4E-44BBBB0593FB}.Release|Any CPU.Build.0 = Release|Any CPU
		{A68556D6-373C-4FEA-956D-9E6674F5D060}.Debug|Any CPU.ActiveCfg = Debug|Any CPU
		{A68556D6-373C-4FEA-956D-9E6674F5D060}.Debug|Any CPU.Build.0 = Debug|Any CPU
		{A68556D6-373C-4FEA-956D-9E6674F5D060}.Release|Any CPU.ActiveCfg = Release|Any CPU
		{A68556D6-373C-4FEA-956D-9E6674F5D060}.Release|Any CPU.Build.0 = Release|Any CPU
		{AF887430-6495-4023-8F26-33B367C8D137}.Debug|Any CPU.ActiveCfg = Debug|Any CPU
		{AF887430-6495-4023-8F26-33B367C8D137}.Debug|Any CPU.Build.0 = Debug|Any CPU
		{AF887430-6495-4023-8F26-33B367C8D137}.Release|Any CPU.ActiveCfg = Release|Any CPU
		{AF887430-6495-4023-8F26-33B367C8D137}.Release|Any CPU.Build.0 = Release|Any CPU
		{64704135-7C09-4013-A18D-9F3AE23C227D}.Debug|Any CPU.ActiveCfg = Debug|Any CPU
		{64704135-7C09-4013-A18D-9F3AE23C227D}.Debug|Any CPU.Build.0 = Debug|Any CPU
		{64704135-7C09-4013-A18D-9F3AE23C227D}.Release|Any CPU.ActiveCfg = Release|Any CPU
		{64704135-7C09-4013-A18D-9F3AE23C227D}.Release|Any CPU.Build.0 = Release|Any CPU
		{E22A78E7-D3B5-4B14-9918-8C905FE9A138}.Debug|Any CPU.ActiveCfg = Debug|Any CPU
		{E22A78E7-D3B5-4B14-9918-8C905FE9A138}.Debug|Any CPU.Build.0 = Debug|Any CPU
		{E22A78E7-D3B5-4B14-9918-8C905FE9A138}.Release|Any CPU.ActiveCfg = Release|Any CPU
		{E22A78E7-D3B5-4B14-9918-8C905FE9A138}.Release|Any CPU.Build.0 = Release|Any CPU
		{93AF8029-9842-4F07-8E87-735F02F6D823}.Debug|Any CPU.ActiveCfg = Debug|Any CPU
		{93AF8029-9842-4F07-8E87-735F02F6D823}.Debug|Any CPU.Build.0 = Debug|Any CPU
		{93AF8029-9842-4F07-8E87-735F02F6D823}.Release|Any CPU.ActiveCfg = Release|Any CPU
		{93AF8029-9842-4F07-8E87-735F02F6D823}.Release|Any CPU.Build.0 = Release|Any CPU
		{41548C27-AD45-4A45-AA4F-DF1B23EAD5E7}.Debug|Any CPU.ActiveCfg = Debug|Any CPU
		{41548C27-AD45-4A45-AA4F-DF1B23EAD5E7}.Debug|Any CPU.Build.0 = Debug|Any CPU
		{41548C27-AD45-4A45-AA4F-DF1B23EAD5E7}.Release|Any CPU.ActiveCfg = Release|Any CPU
		{41548C27-AD45-4A45-AA4F-DF1B23EAD5E7}.Release|Any CPU.Build.0 = Release|Any CPU
		{A99ABB6D-8F9C-47A1-B46C-46150806FB84}.Debug|Any CPU.ActiveCfg = Debug|Any CPU
		{A99ABB6D-8F9C-47A1-B46C-46150806FB84}.Debug|Any CPU.Build.0 = Debug|Any CPU
		{A99ABB6D-8F9C-47A1-B46C-46150806FB84}.Release|Any CPU.ActiveCfg = Release|Any CPU
		{A99ABB6D-8F9C-47A1-B46C-46150806FB84}.Release|Any CPU.Build.0 = Release|Any CPU
		{0C915E5B-A036-47DF-8034-639D8FA63BDE}.Debug|Any CPU.ActiveCfg = Debug|Any CPU
		{0C915E5B-A036-47DF-8034-639D8FA63BDE}.Debug|Any CPU.Build.0 = Debug|Any CPU
		{0C915E5B-A036-47DF-8034-639D8FA63BDE}.Release|Any CPU.ActiveCfg = Release|Any CPU
		{0C915E5B-A036-47DF-8034-639D8FA63BDE}.Release|Any CPU.Build.0 = Release|Any CPU
		{2474BA8A-5977-4846-8CA1-8F7C40B86288}.Debug|Any CPU.ActiveCfg = Debug|Any CPU
		{2474BA8A-5977-4846-8CA1-8F7C40B86288}.Debug|Any CPU.Build.0 = Debug|Any CPU
		{2474BA8A-5977-4846-8CA1-8F7C40B86288}.Release|Any CPU.ActiveCfg = Release|Any CPU
		{2474BA8A-5977-4846-8CA1-8F7C40B86288}.Release|Any CPU.Build.0 = Release|Any CPU
		{51DF8A03-79C8-4BCE-A496-374F03A70FA7}.Debug|Any CPU.ActiveCfg = Debug|Any CPU
		{51DF8A03-79C8-4BCE-A496-374F03A70FA7}.Debug|Any CPU.Build.0 = Debug|Any CPU
		{51DF8A03-79C8-4BCE-A496-374F03A70FA7}.Release|Any CPU.ActiveCfg = Release|Any CPU
		{51DF8A03-79C8-4BCE-A496-374F03A70FA7}.Release|Any CPU.Build.0 = Release|Any CPU
		{A9C84BCA-B970-4108-8AF3-809976CF7898}.Debug|Any CPU.ActiveCfg = Debug|Any CPU
		{A9C84BCA-B970-4108-8AF3-809976CF7898}.Debug|Any CPU.Build.0 = Debug|Any CPU
		{A9C84BCA-B970-4108-8AF3-809976CF7898}.Release|Any CPU.ActiveCfg = Release|Any CPU
		{A9C84BCA-B970-4108-8AF3-809976CF7898}.Release|Any CPU.Build.0 = Release|Any CPU
		{3B25D0CC-D63D-4374-BFAC-7FB560A271F3}.Debug|Any CPU.ActiveCfg = Debug|Any CPU
		{3B25D0CC-D63D-4374-BFAC-7FB560A271F3}.Debug|Any CPU.Build.0 = Debug|Any CPU
		{3B25D0CC-D63D-4374-BFAC-7FB560A271F3}.Release|Any CPU.ActiveCfg = Release|Any CPU
		{3B25D0CC-D63D-4374-BFAC-7FB560A271F3}.Release|Any CPU.Build.0 = Release|Any CPU
		{9AF12F67-F1A5-4F19-84A4-290FB1686621}.Debug|Any CPU.ActiveCfg = Debug|Any CPU
		{9AF12F67-F1A5-4F19-84A4-290FB1686621}.Debug|Any CPU.Build.0 = Debug|Any CPU
		{9AF12F67-F1A5-4F19-84A4-290FB1686621}.Release|Any CPU.ActiveCfg = Release|Any CPU
		{9AF12F67-F1A5-4F19-84A4-290FB1686621}.Release|Any CPU.Build.0 = Release|Any CPU
	EndGlobalSection
	GlobalSection(SolutionProperties) = preSolution
		HideSolutionNode = FALSE
	EndGlobalSection
	GlobalSection(NestedProjects) = preSolution
		{9D37B917-0C4D-4259-A2C3-D56E9C753465} = {4AFFF8B5-B049-426E-8685-B2B63FFE2982}
		{C6736BA2-1208-4917-B2AF-106DF1EE0D96} = {4AFFF8B5-B049-426E-8685-B2B63FFE2982}
		{C1CF5661-874C-46B7-B78A-6B54EC2438F5} = {4AFFF8B5-B049-426E-8685-B2B63FFE2982}
		{7B1F6BE0-7430-4851-A2C4-D480E95AC1EC} = {4AFFF8B5-B049-426E-8685-B2B63FFE2982}
		{634D1BB1-C0CD-4F92-B275-CAFC622233CD} = {BAB03DC6-E66A-451A-8A07-063C3706B473}
		{57EF3BA3-0AE4-45CF-963E-47BC0045B2AC} = {BAB03DC6-E66A-451A-8A07-063C3706B473}
		{58003843-B58A-4F65-8A4E-44BBBB0593FB} = {BAB03DC6-E66A-451A-8A07-063C3706B473}
		{A68556D6-373C-4FEA-956D-9E6674F5D060} = {BAB03DC6-E66A-451A-8A07-063C3706B473}
		{AF887430-6495-4023-8F26-33B367C8D137} = {BAB03DC6-E66A-451A-8A07-063C3706B473}
		{64704135-7C09-4013-A18D-9F3AE23C227D} = {BAB03DC6-E66A-451A-8A07-063C3706B473}
		{E22A78E7-D3B5-4B14-9918-8C905FE9A138} = {BAB03DC6-E66A-451A-8A07-063C3706B473}
		{93AF8029-9842-4F07-8E87-735F02F6D823} = {BAB03DC6-E66A-451A-8A07-063C3706B473}
		{41548C27-AD45-4A45-AA4F-DF1B23EAD5E7} = {4AFFF8B5-B049-426E-8685-B2B63FFE2982}
		{A99ABB6D-8F9C-47A1-B46C-46150806FB84} = {4AFFF8B5-B049-426E-8685-B2B63FFE2982}
		{0C915E5B-A036-47DF-8034-639D8FA63BDE} = {4AFFF8B5-B049-426E-8685-B2B63FFE2982}
		{2474BA8A-5977-4846-8CA1-8F7C40B86288} = {4AFFF8B5-B049-426E-8685-B2B63FFE2982}
		{A9C84BCA-B970-4108-8AF3-809976CF7898} = {4AFFF8B5-B049-426E-8685-B2B63FFE2982}
		{3B25D0CC-D63D-4374-BFAC-7FB560A271F3} = {ED3EFCE4-E4E4-477E-9C7B-0EBD6799DD57}
		{9AF12F67-F1A5-4F19-84A4-290FB1686621} = {ED3EFCE4-E4E4-477E-9C7B-0EBD6799DD57}
	EndGlobalSection
	GlobalSection(ExtensibilityGlobals) = postSolution
		SolutionGuid = {47399127-89D8-4C02-940E-9964E829F398}
	EndGlobalSection
EndGlobal
