
Microsoft Visual Studio Solution File, Format Version 12.00
# Visual Studio Version 17
VisualStudioVersion = 17.2.32526.322
MinimumVisualStudioVersion = 10.0.40219.1
Project("{9A19103F-16F7-4668-BE54-9A1E7A4F7556}") = "00-Lists", "05_Lists\00-Lists.csproj", "{5F8C9894-88AF-409F-9E0B-ECC574BAB500}"
EndProject
Project("{2150E333-8FDC-42A3-9474-1A3956D46DE8}") = "Labs", "Labs", "{D4391A91-9C89-4D95-9D82-BA24B6EBD5FB}"
EndProject
Project("{2150E333-8FDC-42A3-9474-1A3956D46DE8}") = "Exercises", "Exercises", "{B6F1B130-C834-41E6-BF2A-DC03E71F6D41}"
EndProject
Project("{2150E333-8FDC-42A3-9474-1A3956D46DE8}") = "MoreExercises", "MoreExercises", "{C2852758-00B3-4D5C-9F07-00C77F0858F8}"
EndProject
Project("{9A19103F-16F7-4668-BE54-9A1E7A4F7556}") = "00-ReadFromConsole", "02-ReadFromConsole\00-ReadFromConsole.csproj", "{465A376C-FEF3-49CC-B50A-451A6BDB33A8}"
EndProject
Project("{9A19103F-16F7-4668-BE54-9A1E7A4F7556}") = "P01-GaussTrick", "P_GaussTrick\P01-GaussTrick.csproj", "{5E03394E-333B-48C6-ABB0-9491DB6DD578}"
EndProject
Project("{9A19103F-16F7-4668-BE54-9A1E7A4F7556}") = "P02-MergingLists", "P02_MergingLists\P02-MergingLists.csproj", "{D959E961-B52E-4C90-A6B5-30583D85602A}"
EndProject
Project("{9A19103F-16F7-4668-BE54-9A1E7A4F7556}") = "P03-ListOfProducts", "P03-ListOfProducts\P03-ListOfProducts.csproj", "{23E91987-4A68-4343-89D2-6EBA208720A7}"
EndProject
Project("{9A19103F-16F7-4668-BE54-9A1E7A4F7556}") = "P04-RemoveNegativeAndReverse", "P04-RemoveNegativeAndReverce\P04-RemoveNegativeAndReverse.csproj", "{0F87A3E5-2545-431F-9510-7B74AC217778}"
EndProject
Project("{9A19103F-16F7-4668-BE54-9A1E7A4F7556}") = "E01-Train", "E01-Train\E01-Train.csproj", "{BC42F53A-2F04-44A9-939B-33B1B1969056}"
EndProject
Project("{9A19103F-16F7-4668-BE54-9A1E7A4F7556}") = "E02-ChangeList", "E02-ChangeList\E02-ChangeList.csproj", "{F43B7763-96C8-46E0-B1EC-1CEC1DFD5381}"
EndProject
Project("{9A19103F-16F7-4668-BE54-9A1E7A4F7556}") = "E03-HouseParty", "E03-HouseParty\E03-HouseParty.csproj", "{9B143A4B-D0C0-4F3D-9AF2-7CDF3671BC04}"
EndProject
Project("{9A19103F-16F7-4668-BE54-9A1E7A4F7556}") = "E04-ListOperations", "E04-ListOperations\E04-ListOperations.csproj", "{79A7BFA3-1B84-4B0A-9E1C-8D90ABE09D0A}"
EndProject
Project("{9A19103F-16F7-4668-BE54-9A1E7A4F7556}") = "E05-BombNumbers", "E05-BombNumbers\E05-BombNumbers.csproj", "{A085AF49-2798-4DF3-9326-787F83F3AD0C}"
EndProject
Project("{9A19103F-16F7-4668-BE54-9A1E7A4F7556}") = "E06-CardsGame", "E06-CardsGame\E06-CardsGame.csproj", "{03DBD58B-96B5-420A-A9B2-9313075C65B5}"
EndProject
Project("{9A19103F-16F7-4668-BE54-9A1E7A4F7556}") = "E07-AppendArrays", "E07-AppendArrays\E07-AppendArrays.csproj", "{AB9C4C2F-0F65-440B-A128-EAE86FB45C5F}"
EndProject
Project("{FAE04EC0-301F-11D3-BF4B-00C04F79EFBC}") = "E08-AnonymousThreat", "E08-AnonymousThreat\E08-AnonymousThreat.csproj", "{0DF059F9-92A3-41F3-A27C-D7A76CE6E05E}"
EndProject
Global
	GlobalSection(SolutionConfigurationPlatforms) = preSolution
		Debug|Any CPU = Debug|Any CPU
		Release|Any CPU = Release|Any CPU
	EndGlobalSection
	GlobalSection(ProjectConfigurationPlatforms) = postSolution
		{5F8C9894-88AF-409F-9E0B-ECC574BAB500}.Debug|Any CPU.ActiveCfg = Debug|Any CPU
		{5F8C9894-88AF-409F-9E0B-ECC574BAB500}.Debug|Any CPU.Build.0 = Debug|Any CPU
		{5F8C9894-88AF-409F-9E0B-ECC574BAB500}.Release|Any CPU.ActiveCfg = Release|Any CPU
		{5F8C9894-88AF-409F-9E0B-ECC574BAB500}.Release|Any CPU.Build.0 = Release|Any CPU
		{465A376C-FEF3-49CC-B50A-451A6BDB33A8}.Debug|Any CPU.ActiveCfg = Debug|Any CPU
		{465A376C-FEF3-49CC-B50A-451A6BDB33A8}.Debug|Any CPU.Build.0 = Debug|Any CPU
		{465A376C-FEF3-49CC-B50A-451A6BDB33A8}.Release|Any CPU.ActiveCfg = Release|Any CPU
		{465A376C-FEF3-49CC-B50A-451A6BDB33A8}.Release|Any CPU.Build.0 = Release|Any CPU
		{5E03394E-333B-48C6-ABB0-9491DB6DD578}.Debug|Any CPU.ActiveCfg = Debug|Any CPU
		{5E03394E-333B-48C6-ABB0-9491DB6DD578}.Debug|Any CPU.Build.0 = Debug|Any CPU
		{5E03394E-333B-48C6-ABB0-9491DB6DD578}.Release|Any CPU.ActiveCfg = Release|Any CPU
		{5E03394E-333B-48C6-ABB0-9491DB6DD578}.Release|Any CPU.Build.0 = Release|Any CPU
		{D959E961-B52E-4C90-A6B5-30583D85602A}.Debug|Any CPU.ActiveCfg = Debug|Any CPU
		{D959E961-B52E-4C90-A6B5-30583D85602A}.Debug|Any CPU.Build.0 = Debug|Any CPU
		{D959E961-B52E-4C90-A6B5-30583D85602A}.Release|Any CPU.ActiveCfg = Release|Any CPU
		{D959E961-B52E-4C90-A6B5-30583D85602A}.Release|Any CPU.Build.0 = Release|Any CPU
		{23E91987-4A68-4343-89D2-6EBA208720A7}.Debug|Any CPU.ActiveCfg = Debug|Any CPU
		{23E91987-4A68-4343-89D2-6EBA208720A7}.Debug|Any CPU.Build.0 = Debug|Any CPU
		{23E91987-4A68-4343-89D2-6EBA208720A7}.Release|Any CPU.ActiveCfg = Release|Any CPU
		{23E91987-4A68-4343-89D2-6EBA208720A7}.Release|Any CPU.Build.0 = Release|Any CPU
		{0F87A3E5-2545-431F-9510-7B74AC217778}.Debug|Any CPU.ActiveCfg = Debug|Any CPU
		{0F87A3E5-2545-431F-9510-7B74AC217778}.Debug|Any CPU.Build.0 = Debug|Any CPU
		{0F87A3E5-2545-431F-9510-7B74AC217778}.Release|Any CPU.ActiveCfg = Release|Any CPU
		{0F87A3E5-2545-431F-9510-7B74AC217778}.Release|Any CPU.Build.0 = Release|Any CPU
		{BC42F53A-2F04-44A9-939B-33B1B1969056}.Debug|Any CPU.ActiveCfg = Debug|Any CPU
		{BC42F53A-2F04-44A9-939B-33B1B1969056}.Debug|Any CPU.Build.0 = Debug|Any CPU
		{BC42F53A-2F04-44A9-939B-33B1B1969056}.Release|Any CPU.ActiveCfg = Release|Any CPU
		{BC42F53A-2F04-44A9-939B-33B1B1969056}.Release|Any CPU.Build.0 = Release|Any CPU
		{F43B7763-96C8-46E0-B1EC-1CEC1DFD5381}.Debug|Any CPU.ActiveCfg = Debug|Any CPU
		{F43B7763-96C8-46E0-B1EC-1CEC1DFD5381}.Debug|Any CPU.Build.0 = Debug|Any CPU
		{F43B7763-96C8-46E0-B1EC-1CEC1DFD5381}.Release|Any CPU.ActiveCfg = Release|Any CPU
		{F43B7763-96C8-46E0-B1EC-1CEC1DFD5381}.Release|Any CPU.Build.0 = Release|Any CPU
		{9B143A4B-D0C0-4F3D-9AF2-7CDF3671BC04}.Debug|Any CPU.ActiveCfg = Debug|Any CPU
		{9B143A4B-D0C0-4F3D-9AF2-7CDF3671BC04}.Debug|Any CPU.Build.0 = Debug|Any CPU
		{9B143A4B-D0C0-4F3D-9AF2-7CDF3671BC04}.Release|Any CPU.ActiveCfg = Release|Any CPU
		{9B143A4B-D0C0-4F3D-9AF2-7CDF3671BC04}.Release|Any CPU.Build.0 = Release|Any CPU
		{79A7BFA3-1B84-4B0A-9E1C-8D90ABE09D0A}.Debug|Any CPU.ActiveCfg = Debug|Any CPU
		{79A7BFA3-1B84-4B0A-9E1C-8D90ABE09D0A}.Debug|Any CPU.Build.0 = Debug|Any CPU
		{79A7BFA3-1B84-4B0A-9E1C-8D90ABE09D0A}.Release|Any CPU.ActiveCfg = Release|Any CPU
		{79A7BFA3-1B84-4B0A-9E1C-8D90ABE09D0A}.Release|Any CPU.Build.0 = Release|Any CPU
		{A085AF49-2798-4DF3-9326-787F83F3AD0C}.Debug|Any CPU.ActiveCfg = Debug|Any CPU
		{A085AF49-2798-4DF3-9326-787F83F3AD0C}.Debug|Any CPU.Build.0 = Debug|Any CPU
		{A085AF49-2798-4DF3-9326-787F83F3AD0C}.Release|Any CPU.ActiveCfg = Release|Any CPU
		{A085AF49-2798-4DF3-9326-787F83F3AD0C}.Release|Any CPU.Build.0 = Release|Any CPU
		{03DBD58B-96B5-420A-A9B2-9313075C65B5}.Debug|Any CPU.ActiveCfg = Debug|Any CPU
		{03DBD58B-96B5-420A-A9B2-9313075C65B5}.Debug|Any CPU.Build.0 = Debug|Any CPU
		{03DBD58B-96B5-420A-A9B2-9313075C65B5}.Release|Any CPU.ActiveCfg = Release|Any CPU
		{03DBD58B-96B5-420A-A9B2-9313075C65B5}.Release|Any CPU.Build.0 = Release|Any CPU
		{AB9C4C2F-0F65-440B-A128-EAE86FB45C5F}.Debug|Any CPU.ActiveCfg = Debug|Any CPU
		{AB9C4C2F-0F65-440B-A128-EAE86FB45C5F}.Debug|Any CPU.Build.0 = Debug|Any CPU
		{AB9C4C2F-0F65-440B-A128-EAE86FB45C5F}.Release|Any CPU.ActiveCfg = Release|Any CPU
		{AB9C4C2F-0F65-440B-A128-EAE86FB45C5F}.Release|Any CPU.Build.0 = Release|Any CPU
		{0DF059F9-92A3-41F3-A27C-D7A76CE6E05E}.Debug|Any CPU.ActiveCfg = Debug|Any CPU
		{0DF059F9-92A3-41F3-A27C-D7A76CE6E05E}.Debug|Any CPU.Build.0 = Debug|Any CPU
		{0DF059F9-92A3-41F3-A27C-D7A76CE6E05E}.Release|Any CPU.ActiveCfg = Release|Any CPU
		{0DF059F9-92A3-41F3-A27C-D7A76CE6E05E}.Release|Any CPU.Build.0 = Release|Any CPU
	EndGlobalSection
	GlobalSection(SolutionProperties) = preSolution
		HideSolutionNode = FALSE
	EndGlobalSection
	GlobalSection(NestedProjects) = preSolution
		{5F8C9894-88AF-409F-9E0B-ECC574BAB500} = {D4391A91-9C89-4D95-9D82-BA24B6EBD5FB}
		{465A376C-FEF3-49CC-B50A-451A6BDB33A8} = {D4391A91-9C89-4D95-9D82-BA24B6EBD5FB}
		{5E03394E-333B-48C6-ABB0-9491DB6DD578} = {D4391A91-9C89-4D95-9D82-BA24B6EBD5FB}
		{D959E961-B52E-4C90-A6B5-30583D85602A} = {D4391A91-9C89-4D95-9D82-BA24B6EBD5FB}
		{23E91987-4A68-4343-89D2-6EBA208720A7} = {D4391A91-9C89-4D95-9D82-BA24B6EBD5FB}
		{0F87A3E5-2545-431F-9510-7B74AC217778} = {D4391A91-9C89-4D95-9D82-BA24B6EBD5FB}
		{BC42F53A-2F04-44A9-939B-33B1B1969056} = {B6F1B130-C834-41E6-BF2A-DC03E71F6D41}
		{F43B7763-96C8-46E0-B1EC-1CEC1DFD5381} = {B6F1B130-C834-41E6-BF2A-DC03E71F6D41}
		{9B143A4B-D0C0-4F3D-9AF2-7CDF3671BC04} = {B6F1B130-C834-41E6-BF2A-DC03E71F6D41}
		{79A7BFA3-1B84-4B0A-9E1C-8D90ABE09D0A} = {B6F1B130-C834-41E6-BF2A-DC03E71F6D41}
		{A085AF49-2798-4DF3-9326-787F83F3AD0C} = {B6F1B130-C834-41E6-BF2A-DC03E71F6D41}
		{03DBD58B-96B5-420A-A9B2-9313075C65B5} = {B6F1B130-C834-41E6-BF2A-DC03E71F6D41}
		{AB9C4C2F-0F65-440B-A128-EAE86FB45C5F} = {B6F1B130-C834-41E6-BF2A-DC03E71F6D41}
		{0DF059F9-92A3-41F3-A27C-D7A76CE6E05E} = {B6F1B130-C834-41E6-BF2A-DC03E71F6D41}
	EndGlobalSection
	GlobalSection(ExtensibilityGlobals) = postSolution
		SolutionGuid = {8AC586DE-5DE1-4620-AA79-DF12B49497D3}
	EndGlobalSection
EndGlobal
