
Microsoft Visual Studio Solution File, Format Version 12.00
# Visual Studio Version 17
VisualStudioVersion = 17.2.32526.322
MinimumVisualStudioVersion = 10.0.40219.1
Project("{9A19103F-16F7-4668-BE54-9A1E7A4F7556}") = "00-AssociativeArrays", "00-AssociativeArrays.csproj", "{53BE9DCD-66C3-48B9-98AE-29085E5F3EDA}"
EndProject
Project("{2150E333-8FDC-42A3-9474-1A3956D46DE8}") = "LAB", "LAB", "{EBE765F4-2944-41A5-B15E-9ABBFFAAC232}"
EndProject
Project("{2150E333-8FDC-42A3-9474-1A3956D46DE8}") = "Exercises", "Exercises", "{4D2A3DED-8EC8-4C2A-B95D-E9900FB78D7D}"
EndProject
Project("{2150E333-8FDC-42A3-9474-1A3956D46DE8}") = "MoreEx", "MoreEx", "{CCEFA358-603B-4349-9FE2-3E780955E167}"
EndProject
Project("{9A19103F-16F7-4668-BE54-9A1E7A4F7556}") = "E01-CountCharsInAString", "..\E01-CountCharsInAString\E01-CountCharsInAString.csproj", "{AFF2FD09-8E3A-4C30-A97F-DBBAF4C943BA}"
EndProject
Project("{9A19103F-16F7-4668-BE54-9A1E7A4F7556}") = "P01-CountRealNubmer", "..\P01-CountRealNubmer\P01-CountRealNubmer.csproj", "{7CF0F908-D80D-44CD-86F9-9E225E69E0B0}"
EndProject
Project("{9A19103F-16F7-4668-BE54-9A1E7A4F7556}") = "P02-WordSynonyms", "..\P02-WordSynonyms\P02-WordSynonyms.csproj", "{A8F05AE5-408A-40E5-91E1-466D7FEDB50F}"
EndProject
Project("{9A19103F-16F7-4668-BE54-9A1E7A4F7556}") = "00-LambdaFunctions", "..\00-LambdaFunctions\00-LambdaFunctions.csproj", "{9F02AB42-A881-4BBE-AA38-22643346EA8D}"
EndProject
Project("{9A19103F-16F7-4668-BE54-9A1E7A4F7556}") = "P03-WordFilter", "..\P03-WordFilter\P03-WordFilter.csproj", "{71D955AD-9B39-4C8D-AEA9-02ED01101742}"
EndProject
Project("{9A19103F-16F7-4668-BE54-9A1E7A4F7556}") = "P04-Largest3Numbers", "..\P04-Largest3Numbers\P04-Largest3Numbers.csproj", "{DB944EC5-5BA6-4465-B4AC-5F7B50785C83}"
EndProject
Project("{9A19103F-16F7-4668-BE54-9A1E7A4F7556}") = "E02-AMinerTask", "..\E02-AMinerTask\E02-AMinerTask.csproj", "{8F15DAC4-D69E-4276-8365-E12E8380046C}"
EndProject
Project("{9A19103F-16F7-4668-BE54-9A1E7A4F7556}") = "E03-LegendaryFarming", "..\E03-LegendaryFarming\E03-LegendaryFarming.csproj", "{7791B9DA-28FB-4EE0-8A40-7DB8E0B0C60A}"
EndProject
Project("{9A19103F-16F7-4668-BE54-9A1E7A4F7556}") = "E04-Orders", "..\E04-Orders\E04-Orders.csproj", "{0B5155F7-C117-4B27-B3FD-B588C951B610}"
EndProject
Project("{FAE04EC0-301F-11D3-BF4B-00C04F79EFBC}") = "E05-SoftUniParking", "..\E05-SoftUniParking\E05-SoftUniParking.csproj", "{8CE329E4-9E29-4941-BAC4-A1D5E8E6F29E}"
EndProject
Project("{FAE04EC0-301F-11D3-BF4B-00C04F79EFBC}") = "E06-Courses", "..\E06-Courses\E06-Courses.csproj", "{7DC75E2A-50B0-477F-89E5-76BAB0C7879C}"
EndProject
Global
	GlobalSection(SolutionConfigurationPlatforms) = preSolution
		Debug|Any CPU = Debug|Any CPU
		Release|Any CPU = Release|Any CPU
	EndGlobalSection
	GlobalSection(ProjectConfigurationPlatforms) = postSolution
		{53BE9DCD-66C3-48B9-98AE-29085E5F3EDA}.Debug|Any CPU.ActiveCfg = Debug|Any CPU
		{53BE9DCD-66C3-48B9-98AE-29085E5F3EDA}.Debug|Any CPU.Build.0 = Debug|Any CPU
		{53BE9DCD-66C3-48B9-98AE-29085E5F3EDA}.Release|Any CPU.ActiveCfg = Release|Any CPU
		{53BE9DCD-66C3-48B9-98AE-29085E5F3EDA}.Release|Any CPU.Build.0 = Release|Any CPU
		{AFF2FD09-8E3A-4C30-A97F-DBBAF4C943BA}.Debug|Any CPU.ActiveCfg = Debug|Any CPU
		{AFF2FD09-8E3A-4C30-A97F-DBBAF4C943BA}.Debug|Any CPU.Build.0 = Debug|Any CPU
		{AFF2FD09-8E3A-4C30-A97F-DBBAF4C943BA}.Release|Any CPU.ActiveCfg = Release|Any CPU
		{AFF2FD09-8E3A-4C30-A97F-DBBAF4C943BA}.Release|Any CPU.Build.0 = Release|Any CPU
		{7CF0F908-D80D-44CD-86F9-9E225E69E0B0}.Debug|Any CPU.ActiveCfg = Debug|Any CPU
		{7CF0F908-D80D-44CD-86F9-9E225E69E0B0}.Debug|Any CPU.Build.0 = Debug|Any CPU
		{7CF0F908-D80D-44CD-86F9-9E225E69E0B0}.Release|Any CPU.ActiveCfg = Release|Any CPU
		{7CF0F908-D80D-44CD-86F9-9E225E69E0B0}.Release|Any CPU.Build.0 = Release|Any CPU
		{A8F05AE5-408A-40E5-91E1-466D7FEDB50F}.Debug|Any CPU.ActiveCfg = Debug|Any CPU
		{A8F05AE5-408A-40E5-91E1-466D7FEDB50F}.Debug|Any CPU.Build.0 = Debug|Any CPU
		{A8F05AE5-408A-40E5-91E1-466D7FEDB50F}.Release|Any CPU.ActiveCfg = Release|Any CPU
		{A8F05AE5-408A-40E5-91E1-466D7FEDB50F}.Release|Any CPU.Build.0 = Release|Any CPU
		{9F02AB42-A881-4BBE-AA38-22643346EA8D}.Debug|Any CPU.ActiveCfg = Debug|Any CPU
		{9F02AB42-A881-4BBE-AA38-22643346EA8D}.Debug|Any CPU.Build.0 = Debug|Any CPU
		{9F02AB42-A881-4BBE-AA38-22643346EA8D}.Release|Any CPU.ActiveCfg = Release|Any CPU
		{9F02AB42-A881-4BBE-AA38-22643346EA8D}.Release|Any CPU.Build.0 = Release|Any CPU
		{71D955AD-9B39-4C8D-AEA9-02ED01101742}.Debug|Any CPU.ActiveCfg = Debug|Any CPU
		{71D955AD-9B39-4C8D-AEA9-02ED01101742}.Debug|Any CPU.Build.0 = Debug|Any CPU
		{71D955AD-9B39-4C8D-AEA9-02ED01101742}.Release|Any CPU.ActiveCfg = Release|Any CPU
		{71D955AD-9B39-4C8D-AEA9-02ED01101742}.Release|Any CPU.Build.0 = Release|Any CPU
		{DB944EC5-5BA6-4465-B4AC-5F7B50785C83}.Debug|Any CPU.ActiveCfg = Debug|Any CPU
		{DB944EC5-5BA6-4465-B4AC-5F7B50785C83}.Debug|Any CPU.Build.0 = Debug|Any CPU
		{DB944EC5-5BA6-4465-B4AC-5F7B50785C83}.Release|Any CPU.ActiveCfg = Release|Any CPU
		{DB944EC5-5BA6-4465-B4AC-5F7B50785C83}.Release|Any CPU.Build.0 = Release|Any CPU
		{8F15DAC4-D69E-4276-8365-E12E8380046C}.Debug|Any CPU.ActiveCfg = Debug|Any CPU
		{8F15DAC4-D69E-4276-8365-E12E8380046C}.Debug|Any CPU.Build.0 = Debug|Any CPU
		{8F15DAC4-D69E-4276-8365-E12E8380046C}.Release|Any CPU.ActiveCfg = Release|Any CPU
		{8F15DAC4-D69E-4276-8365-E12E8380046C}.Release|Any CPU.Build.0 = Release|Any CPU
		{7791B9DA-28FB-4EE0-8A40-7DB8E0B0C60A}.Debug|Any CPU.ActiveCfg = Debug|Any CPU
		{7791B9DA-28FB-4EE0-8A40-7DB8E0B0C60A}.Debug|Any CPU.Build.0 = Debug|Any CPU
		{7791B9DA-28FB-4EE0-8A40-7DB8E0B0C60A}.Release|Any CPU.ActiveCfg = Release|Any CPU
		{7791B9DA-28FB-4EE0-8A40-7DB8E0B0C60A}.Release|Any CPU.Build.0 = Release|Any CPU
		{0B5155F7-C117-4B27-B3FD-B588C951B610}.Debug|Any CPU.ActiveCfg = Debug|Any CPU
		{0B5155F7-C117-4B27-B3FD-B588C951B610}.Debug|Any CPU.Build.0 = Debug|Any CPU
		{0B5155F7-C117-4B27-B3FD-B588C951B610}.Release|Any CPU.ActiveCfg = Release|Any CPU
		{0B5155F7-C117-4B27-B3FD-B588C951B610}.Release|Any CPU.Build.0 = Release|Any CPU
		{8CE329E4-9E29-4941-BAC4-A1D5E8E6F29E}.Debug|Any CPU.ActiveCfg = Debug|Any CPU
		{8CE329E4-9E29-4941-BAC4-A1D5E8E6F29E}.Debug|Any CPU.Build.0 = Debug|Any CPU
		{8CE329E4-9E29-4941-BAC4-A1D5E8E6F29E}.Release|Any CPU.ActiveCfg = Release|Any CPU
		{8CE329E4-9E29-4941-BAC4-A1D5E8E6F29E}.Release|Any CPU.Build.0 = Release|Any CPU
		{7DC75E2A-50B0-477F-89E5-76BAB0C7879C}.Debug|Any CPU.ActiveCfg = Debug|Any CPU
		{7DC75E2A-50B0-477F-89E5-76BAB0C7879C}.Debug|Any CPU.Build.0 = Debug|Any CPU
		{7DC75E2A-50B0-477F-89E5-76BAB0C7879C}.Release|Any CPU.ActiveCfg = Release|Any CPU
		{7DC75E2A-50B0-477F-89E5-76BAB0C7879C}.Release|Any CPU.Build.0 = Release|Any CPU
	EndGlobalSection
	GlobalSection(SolutionProperties) = preSolution
		HideSolutionNode = FALSE
	EndGlobalSection
	GlobalSection(NestedProjects) = preSolution
		{AFF2FD09-8E3A-4C30-A97F-DBBAF4C943BA} = {4D2A3DED-8EC8-4C2A-B95D-E9900FB78D7D}
		{7CF0F908-D80D-44CD-86F9-9E225E69E0B0} = {EBE765F4-2944-41A5-B15E-9ABBFFAAC232}
		{A8F05AE5-408A-40E5-91E1-466D7FEDB50F} = {EBE765F4-2944-41A5-B15E-9ABBFFAAC232}
		{71D955AD-9B39-4C8D-AEA9-02ED01101742} = {EBE765F4-2944-41A5-B15E-9ABBFFAAC232}
		{DB944EC5-5BA6-4465-B4AC-5F7B50785C83} = {EBE765F4-2944-41A5-B15E-9ABBFFAAC232}
		{8F15DAC4-D69E-4276-8365-E12E8380046C} = {4D2A3DED-8EC8-4C2A-B95D-E9900FB78D7D}
		{7791B9DA-28FB-4EE0-8A40-7DB8E0B0C60A} = {4D2A3DED-8EC8-4C2A-B95D-E9900FB78D7D}
		{0B5155F7-C117-4B27-B3FD-B588C951B610} = {4D2A3DED-8EC8-4C2A-B95D-E9900FB78D7D}
		{8CE329E4-9E29-4941-BAC4-A1D5E8E6F29E} = {4D2A3DED-8EC8-4C2A-B95D-E9900FB78D7D}
		{7DC75E2A-50B0-477F-89E5-76BAB0C7879C} = {4D2A3DED-8EC8-4C2A-B95D-E9900FB78D7D}
	EndGlobalSection
	GlobalSection(ExtensibilityGlobals) = postSolution
		SolutionGuid = {5FA2E66C-F66D-4F7D-BA45-7EC7FAC3ED2B}
	EndGlobalSection
EndGlobal
